Microsoft Visual Studio Solution File, Format Version 12.00
# Visual Studio Version 17
VisualStudioVersion = 17.5.2.0
MinimumVisualStudioVersion = 10.0.40219.1
Project("{FAE04EC0-301F-11D3-BF4B-00C04F79EFBC}") = "Frapp-", "Frapp-.csproj", "{807DA434-3A6D-B798-D4BA-EA3E87DD1FF7}"
EndProject
Global
	GlobalSection(SolutionConfigurationPlatforms) = preSolution
		Debug|Any CPU = Debug|Any CPU
		Release|Any CPU = Release|Any CPU
	EndGlobalSection
	GlobalSection(ProjectConfigurationPlatforms) = postSolution
		{807DA434-3A6D-B798-D4BA-EA3E87DD1FF7}.Debug|Any CPU.ActiveCfg = Debug|Any CPU
		{807DA434-3A6D-B798-D4BA-EA3E87DD1FF7}.Debug|Any CPU.Build.0 = Debug|Any CPU
		{807DA434-3A6D-B798-D4BA-EA3E87DD1FF7}.Release|Any CPU.ActiveCfg = Release|Any CPU
		{807DA434-3A6D-B798-D4BA-EA3E87DD1FF7}.Release|Any CPU.Build.0 = Release|Any CPU
	EndGlobalSection
	GlobalSection(SolutionProperties) = preSolution
		HideSolutionNode = FALSE
	EndGlobalSection
	GlobalSection(ExtensibilityGlobals) = postSolution
		SolutionGuid = {E2569AE2-46FC-4C6F-B507-43A922A78FBB}
	EndGlobalSection
EndGlobal
